
Microsoft Visual Studio Solution File, Format Version 12.00
# Visual Studio Version 17
VisualStudioVersion = 17.5.33516.290
MinimumVisualStudioVersion = 10.0.40219.1
Project("{FAE04EC0-301F-11D3-BF4B-00C04F79EFBC}") = "FCM", "FCM\FCM.csproj", "{56F6FDC2-25E0-4A07-88CC-17EB276BBE0C}"
EndProject
Project("{FAE04EC0-301F-11D3-BF4B-00C04F79EFBC}") = "FCM.Data", "FCM.Data\FCM.Data.csproj", "{69601D4E-9591-425A-ADA4-17978B59B4D9}"
EndProject
Project("{FAE04EC0-301F-11D3-BF4B-00C04F79EFBC}") = "FCM.Models", "FCM.Models\FCM.Models.csproj", "{994273E7-CB04-4DF5-9BBA-552AAF932B0E}"
EndProject
Global
	GlobalSection(SolutionConfigurationPlatforms) = preSolution
		Debug|Any CPU = Debug|Any CPU
		Release|Any CPU = Release|Any CPU
	EndGlobalSection
	GlobalSection(ProjectConfigurationPlatforms) = postSolution
		{56F6FDC2-25E0-4A07-88CC-17EB276BBE0C}.Debug|Any CPU.ActiveCfg = Debug|Any CPU
		{56F6FDC2-25E0-4A07-88CC-17EB276BBE0C}.Debug|Any CPU.Build.0 = Debug|Any CPU
		{56F6FDC2-25E0-4A07-88CC-17EB276BBE0C}.Release|Any CPU.ActiveCfg = Release|Any CPU
		{56F6FDC2-25E0-4A07-88CC-17EB276BBE0C}.Release|Any CPU.Build.0 = Release|Any CPU
		{69601D4E-9591-425A-ADA4-17978B59B4D9}.Debug|Any CPU.ActiveCfg = Debug|Any CPU
		{69601D4E-9591-425A-ADA4-17978B59B4D9}.Debug|Any CPU.Build.0 = Debug|Any CPU
		{69601D4E-9591-425A-ADA4-17978B59B4D9}.Release|Any CPU.ActiveCfg = Release|Any CPU
		{69601D4E-9591-425A-ADA4-17978B59B4D9}.Release|Any CPU.Build.0 = Release|Any CPU
		{994273E7-CB04-4DF5-9BBA-552AAF932B0E}.Debug|Any CPU.ActiveCfg = Debug|Any CPU
		{994273E7-CB04-4DF5-9BBA-552AAF932B0E}.Debug|Any CPU.Build.0 = Debug|Any CPU
		{994273E7-CB04-4DF5-9BBA-552AAF932B0E}.Release|Any CPU.ActiveCfg = Release|Any CPU
		{994273E7-CB04-4DF5-9BBA-552AAF932B0E}.Release|Any CPU.Build.0 = Release|Any CPU
	EndGlobalSection
	GlobalSection(SolutionProperties) = preSolution
		HideSolutionNode = FALSE
	EndGlobalSection
	GlobalSection(ExtensibilityGlobals) = postSolution
		SolutionGuid = {DBCC8201-D41F-4B40-B25D-38ABC9B18D6C}
	EndGlobalSection
EndGlobal
